
Microsoft Visual Studio Solution File, Format Version 12.00
# Visual Studio Version 17
VisualStudioVersion = 17.4.33213.308
MinimumVisualStudioVersion = 10.0.40219.1
Project("{FAE04EC0-301F-11D3-BF4B-00C04F79EFBC}") = "Password Generator", "Password Generator.csproj", "{9041786F-60A8-48A7-9EC6-D7F4BCE4CAAB}"
EndProject
Global
	GlobalSection(SolutionConfigurationPlatforms) = preSolution
		Debug|Any CPU = Debug|Any CPU
		Release|Any CPU = Release|Any CPU
	EndGlobalSection
	GlobalSection(ProjectConfigurationPlatforms) = postSolution
		{9041786F-60A8-48A7-9EC6-D7F4BCE4CAAB}.Debug|Any CPU.ActiveCfg = Debug|Any CPU
		{9041786F-60A8-48A7-9EC6-D7F4BCE4CAAB}.Debug|Any CPU.Build.0 = Debug|Any CPU
		{9041786F-60A8-48A7-9EC6-D7F4BCE4CAAB}.Release|Any CPU.ActiveCfg = Release|Any CPU
		{9041786F-60A8-48A7-9EC6-D7F4BCE4CAAB}.Release|Any CPU.Build.0 = Release|Any CPU
	EndGlobalSection
	GlobalSection(SolutionProperties) = preSolution
		HideSolutionNode = FALSE
	EndGlobalSection
	GlobalSection(ExtensibilityGlobals) = postSolution
		SolutionGuid = {1A7CBAD8-4FF5-4960-8DF3-107457636AB1}
	EndGlobalSection
EndGlobal
